
Microsoft Visual Studio Solution File, Format Version 12.00
# Visual Studio Version 16
VisualStudioVersion = 16.0.29806.167
MinimumVisualStudioVersion = 10.0.40219.1
Project("{2150E333-8FDC-42A3-9474-1A3956D46DE8}") = "Domain", "Domain", "{0000D8A6-0972-4DA7-A073-470523477AB8}"
EndProject
Project("{2150E333-8FDC-42A3-9474-1A3956D46DE8}") = "Infrastructure", "Infrastructure", "{AC9E94F3-1463-420A-809E-DE9DEAB546AC}"
EndProject
Project("{2150E333-8FDC-42A3-9474-1A3956D46DE8}") = "Application", "Application", "{A2E928B8-D460-4930-A7C8-5828630FA43C}"
EndProject
Project("{2150E333-8FDC-42A3-9474-1A3956D46DE8}") = "Presentation", "Presentation", "{69BA25B3-D240-44C0-95A2-A3DF0E2353C3}"
EndProject
Project("{FAE04EC0-301F-11D3-BF4B-00C04F79EFBC}") = "MyOrders.Api", "MyOrders.Api\MyOrders.Api.csproj", "{9E487ABA-5A54-4D1F-A61E-06C808D2704B}"
EndProject
Project("{FAE04EC0-301F-11D3-BF4B-00C04F79EFBC}") = "MyOrders.Infra", "MyOrders.Infra\MyOrders.Infra.csproj", "{00583D00-0CB5-4CCE-BCCA-8B1005CFB679}"
EndProject
Project("{FAE04EC0-301F-11D3-BF4B-00C04F79EFBC}") = "Myorder.Domain", "Myorder.Domain\Myorder.Domain.csproj", "{F4E586F6-5E3D-4982-9CDE-D20163E4306E}"
EndProject
Global
	GlobalSection(SolutionConfigurationPlatforms) = preSolution
		Debug|Any CPU = Debug|Any CPU
		Release|Any CPU = Release|Any CPU
	EndGlobalSection
	GlobalSection(ProjectConfigurationPlatforms) = postSolution
		{9E487ABA-5A54-4D1F-A61E-06C808D2704B}.Debug|Any CPU.ActiveCfg = Debug|Any CPU
		{9E487ABA-5A54-4D1F-A61E-06C808D2704B}.Debug|Any CPU.Build.0 = Debug|Any CPU
		{9E487ABA-5A54-4D1F-A61E-06C808D2704B}.Release|Any CPU.ActiveCfg = Release|Any CPU
		{9E487ABA-5A54-4D1F-A61E-06C808D2704B}.Release|Any CPU.Build.0 = Release|Any CPU
		{00583D00-0CB5-4CCE-BCCA-8B1005CFB679}.Debug|Any CPU.ActiveCfg = Debug|Any CPU
		{00583D00-0CB5-4CCE-BCCA-8B1005CFB679}.Debug|Any CPU.Build.0 = Debug|Any CPU
		{00583D00-0CB5-4CCE-BCCA-8B1005CFB679}.Release|Any CPU.ActiveCfg = Release|Any CPU
		{00583D00-0CB5-4CCE-BCCA-8B1005CFB679}.Release|Any CPU.Build.0 = Release|Any CPU
		{F4E586F6-5E3D-4982-9CDE-D20163E4306E}.Debug|Any CPU.ActiveCfg = Debug|Any CPU
		{F4E586F6-5E3D-4982-9CDE-D20163E4306E}.Debug|Any CPU.Build.0 = Debug|Any CPU
		{F4E586F6-5E3D-4982-9CDE-D20163E4306E}.Release|Any CPU.ActiveCfg = Release|Any CPU
		{F4E586F6-5E3D-4982-9CDE-D20163E4306E}.Release|Any CPU.Build.0 = Release|Any CPU
	EndGlobalSection
	GlobalSection(SolutionProperties) = preSolution
		HideSolutionNode = FALSE
	EndGlobalSection
	GlobalSection(NestedProjects) = preSolution
		{9E487ABA-5A54-4D1F-A61E-06C808D2704B} = {69BA25B3-D240-44C0-95A2-A3DF0E2353C3}
		{00583D00-0CB5-4CCE-BCCA-8B1005CFB679} = {AC9E94F3-1463-420A-809E-DE9DEAB546AC}
		{F4E586F6-5E3D-4982-9CDE-D20163E4306E} = {0000D8A6-0972-4DA7-A073-470523477AB8}
	EndGlobalSection
	GlobalSection(ExtensibilityGlobals) = postSolution
		SolutionGuid = {C7E4F4DD-DF31-431F-BE08-3218A4B085C4}
	EndGlobalSection
EndGlobal
